
Microsoft Visual Studio Solution File, Format Version 11.00
# Visual Studio 2010
Project("{FAE04EC0-301F-11D3-BF4B-00C04F79EFBC}") = "Assembly-CSharp", "Assembly-CSharp.csproj", "{cc279901-8ce4-a925-8a99-c725db3975df}"
EndProject
Project("{FAE04EC0-301F-11D3-BF4B-00C04F79EFBC}") = "Assembly-CSharp-Editor", "Assembly-CSharp-Editor.csproj", "{8b91e4f7-ddf2-7a2d-40e1-21c3fdbc4fbc}"
EndProject
Global
	GlobalSection(SolutionConfigurationPlatforms) = preSolution
		Debug|Any CPU = Debug|Any CPU
	EndGlobalSection
	GlobalSection(ProjectConfigurationPlatforms) = postSolution
		{cc279901-8ce4-a925-8a99-c725db3975df}.Debug|Any CPU.ActiveCfg = Debug|Any CPU
		{cc279901-8ce4-a925-8a99-c725db3975df}.Debug|Any CPU.Build.0 = Debug|Any CPU
		{8b91e4f7-ddf2-7a2d-40e1-21c3fdbc4fbc}.Debug|Any CPU.ActiveCfg = Debug|Any CPU
		{8b91e4f7-ddf2-7a2d-40e1-21c3fdbc4fbc}.Debug|Any CPU.Build.0 = Debug|Any CPU
	EndGlobalSection
	GlobalSection(SolutionProperties) = preSolution
		HideSolutionNode = FALSE
	EndGlobalSection
EndGlobal
